{
  "version": 4,
  "terraform_version": "0.12.9",
  "serial": 15,
  "lineage": "06890b06-a73d-de2a-0c9f-87ebf4d7cad8",
  "outputs": {},
  "resources": [
    {
      "mode": "data",
      "type": "aws_caller_identity",
      "name": "current",
      "provider": "provider.aws",
      "instances": [
        {
          "schema_version": 0,
          "attributes": {
            "account_id": "471356882704",
            "arn": "arn:aws:iam::471356882704:user/yinghan",
            "id": "471356882704",
            "user_id": "AIDAW3PYPH4IINEKQMG67"
          }
        }
      ]
    },
    {
      "mode": "data",
      "type": "aws_iam_policy_document",
      "name": "iam_user_self_management_policy_document",
      "provider": "provider.aws",
      "instances": [
        {
          "schema_version": 0,
          "attributes": {
            "id": "3824498561",
            "json": "{\n  \"Version\": \"2012-10-17\",\n  \"Statement\": [\n    {\n      \"Sid\": \"\",\n      \"Effect\": \"Allow\",\n      \"Action\": \"iam:*\",\n      \"Resource\": [\n        \"arn:aws:iam::471356882704:user/terraform-ci\",\n        \"arn:aws:iam::471356882704:policy/S3TerraformStateListReadWriteAccess\",\n        \"arn:aws:iam::471356882704:policy/IAMUserSelfManagement\",\n        \"arn:aws:iam::471356882704:policy/DynamoDBTerraformStateLocksReadWriteAccess\"\n      ]\n    }\n  ]\n}",
            "override_json": null,
            "override_policy_documents": null,
            "policy_id": null,
            "source_json": null,
            "source_policy_documents": null,
            "statement": [
              {
                "actions": [
                  "iam:*"
                ],
                "condition": [],
                "effect": "Allow",
                "not_actions": [],
                "not_principals": [],
                "not_resources": [],
                "principals": [],
                "resources": [
                  "arn:aws:iam::471356882704:policy/DynamoDBTerraformStateLocksReadWriteAccess",
                  "arn:aws:iam::471356882704:policy/IAMUserSelfManagement",
                  "arn:aws:iam::471356882704:policy/S3TerraformStateListReadWriteAccess",
                  "arn:aws:iam::471356882704:user/terraform-ci"
                ],
                "sid": ""
              }
            ],
            "version": "2012-10-17"
          },
          "depends_on": [
            "aws_iam_policy.terraform_dynamodb_read_write_policy",
            "aws_iam_policy.terraform_s3_list_read_write_policy",
            "aws_iam_user.user",
            "data.aws_caller_identity.current"
          ]
        }
      ]
    },
    {
      "mode": "data",
      "type": "aws_iam_policy_document",
      "name": "terraform_dynamodb_read_write_policy_document",
      "provider": "provider.aws",
      "instances": [
        {
          "schema_version": 0,
          "attributes": {
            "id": "2879430099",
            "json": "{\n  \"Version\": \"2012-10-17\",\n  \"Statement\": [\n    {\n      \"Sid\": \"\",\n      \"Effect\": \"Allow\",\n      \"Action\": \"dynamodb:*\",\n      \"Resource\": \"arn:aws:dynamodb:ap-southeast-1:471356882704:table/terraform-state-lock\"\n    }\n  ]\n}",
            "override_json": null,
            "override_policy_documents": null,
            "policy_id": null,
            "source_json": null,
            "source_policy_documents": null,
            "statement": [
              {
                "actions": [
                  "dynamodb:*"
                ],
                "condition": [],
                "effect": "Allow",
                "not_actions": [],
                "not_principals": [],
                "not_resources": [],
                "principals": [],
                "resources": [
                  "arn:aws:dynamodb:ap-southeast-1:471356882704:table/terraform-state-lock"
                ],
                "sid": ""
              }
            ],
            "version": "2012-10-17"
          },
          "depends_on": [
            "aws_dynamodb_table.terraform_state_lock"
          ]
        }
      ]
    },
    {
      "mode": "data",
      "type": "aws_iam_policy_document",
      "name": "terraform_s3_list_read_write_policy_document",
      "provider": "provider.aws",
      "instances": [
        {
          "schema_version": 0,
          "attributes": {
            "id": "4157818295",
            "json": "{\n  \"Version\": \"2012-10-17\",\n  \"Statement\": [\n    {\n      \"Sid\": \"\",\n      \"Effect\": \"Allow\",\n      \"Action\": \"s3:*\",\n      \"Resource\": [\n        \"arn:aws:s3:::github-terraform-example-terraform-state/organization/github-terraform-example/terraform.tfstate\",\n        \"arn:aws:s3:::github-terraform-example-terraform-state\"\n      ]\n    }\n  ]\n}",
            "override_json": null,
            "override_policy_documents": null,
            "policy_id": null,
            "source_json": null,
            "source_policy_documents": null,
            "statement": [
              {
                "actions": [
                  "s3:*"
                ],
                "condition": [],
                "effect": "Allow",
                "not_actions": [],
                "not_principals": [],
                "not_resources": [],
                "principals": [],
                "resources": [
                  "arn:aws:s3:::github-terraform-example-terraform-state",
                  "arn:aws:s3:::github-terraform-example-terraform-state/organization/github-terraform-example/terraform.tfstate"
                ],
                "sid": ""
              }
            ],
            "version": "2012-10-17"
          },
          "depends_on": [
            "aws_s3_bucket.terraform_state"
          ]
        }
      ]
    },
    {
      "mode": "managed",
      "type": "aws_dynamodb_table",
      "name": "terraform_state_lock",
      "provider": "provider.aws",
      "instances": [
        {
          "schema_version": 1,
          "attributes": {
            "arn": "arn:aws:dynamodb:ap-southeast-1:471356882704:table/terraform-state-lock",
            "attribute": [
              {
                "name": "LockID",
                "type": "S"
              }
            ],
            "billing_mode": "PROVISIONED",
            "global_secondary_index": [],
            "hash_key": "LockID",
            "id": "terraform-state-lock",
            "local_secondary_index": [],
            "name": "terraform-state-lock",
            "point_in_time_recovery": [
              {
                "enabled": false
              }
            ],
            "range_key": null,
            "read_capacity": 20,
            "replica": [],
            "server_side_encryption": [],
            "stream_arn": "",
            "stream_enabled": false,
            "stream_label": "",
            "stream_view_type": "",
            "tags": {},
            "timeouts": null,
            "ttl": [
              {
                "attribute_name": "",
                "enabled": false
              }
            ],
            "write_capacity": 20
          },
          "private": "eyJlMmJmYjczMC1lY2FhLTExZTYtOGY4OC0zNDM2M2JjN2M0YzAiOnsiY3JlYXRlIjoxMjAwMDAwMDAwMDAwLCJkZWxldGUiOjYwMDAwMDAwMDAwMCwidXBkYXRlIjozNjAwMDAwMDAwMDAwfSwic2NoZW1hX3ZlcnNpb24iOiIxIn0="
        }
      ]
    },
    {
      "mode": "managed",
      "type": "aws_iam_policy",
      "name": "iam_user_self_management_policy",
      "provider": "provider.aws",
      "instances": [
        {
          "schema_version": 0,
          "attributes": {
            "arn": "arn:aws:iam::471356882704:policy/IAMUserSelfManagement",
            "description": "This policy grants an fulls permissions to manage the terraform-ci IAM user and its related IAM policies.",
            "id": "arn:aws:iam::471356882704:policy/IAMUserSelfManagement",
            "name": "IAMUserSelfManagement",
            "name_prefix": null,
            "path": "/",
            "policy": "{\n  \"Version\": \"2012-10-17\",\n  \"Statement\": [\n    {\n      \"Sid\": \"\",\n      \"Effect\": \"Allow\",\n      \"Action\": \"iam:*\",\n      \"Resource\": [\n        \"arn:aws:iam::471356882704:user/terraform-ci\",\n        \"arn:aws:iam::471356882704:policy/S3TerraformStateListReadWriteAccess\",\n        \"arn:aws:iam::471356882704:policy/IAMUserSelfManagement\",\n        \"arn:aws:iam::471356882704:policy/DynamoDBTerraformStateLocksReadWriteAccess\"\n      ]\n    }\n  ]\n}",
            "policy_id": "ANPAW3PYPH4IOZUMIXB26",
            "tags": {}
          },
          "private": "bnVsbA==",
          "depends_on": [
            "data.aws_iam_policy_document.iam_user_self_management_policy_document"
          ]
        }
      ]
    },
    {
      "mode": "managed",
      "type": "aws_iam_policy",
      "name": "terraform_dynamodb_read_write_policy",
      "provider": "provider.aws",
      "instances": [
        {
          "schema_version": 0,
          "attributes": {
            "arn": "arn:aws:iam::471356882704:policy/DynamoDBTerraformStateLocksReadWriteAccess",
            "description": "This policy grants read and write permissions to the Terraform DynamoDB state lock table.",
            "id": "arn:aws:iam::471356882704:policy/DynamoDBTerraformStateLocksReadWriteAccess",
            "name": "DynamoDBTerraformStateLocksReadWriteAccess",
            "name_prefix": null,
            "path": "/",
            "policy": "{\n  \"Version\": \"2012-10-17\",\n  \"Statement\": [\n    {\n      \"Sid\": \"\",\n      \"Effect\": \"Allow\",\n      \"Action\": \"dynamodb:*\",\n      \"Resource\": \"arn:aws:dynamodb:ap-southeast-1:471356882704:table/terraform-state-lock\"\n    }\n  ]\n}",
            "policy_id": "ANPAW3PYPH4INDYD3RX3W",
            "tags": {}
          },
          "private": "bnVsbA==",
          "depends_on": [
            "data.aws_iam_policy_document.terraform_dynamodb_read_write_policy_document"
          ]
        }
      ]
    },
    {
      "mode": "managed",
      "type": "aws_iam_policy",
      "name": "terraform_s3_list_read_write_policy",
      "provider": "provider.aws",
      "instances": [
        {
          "schema_version": 0,
          "attributes": {
            "arn": "arn:aws:iam::471356882704:policy/S3TerraformStateListReadWriteAccess",
            "description": "This policy grants read and write permissions to the Terraform DynamoDB state lock table",
            "id": "arn:aws:iam::471356882704:policy/S3TerraformStateListReadWriteAccess",
            "name": "S3TerraformStateListReadWriteAccess",
            "name_prefix": null,
            "path": "/",
            "policy": "{\n  \"Version\": \"2012-10-17\",\n  \"Statement\": [\n    {\n      \"Sid\": \"\",\n      \"Effect\": \"Allow\",\n      \"Action\": \"s3:*\",\n      \"Resource\": [\n        \"arn:aws:s3:::github-terraform-example-terraform-state/organization/github-terraform-example/terraform.tfstate\",\n        \"arn:aws:s3:::github-terraform-example-terraform-state\"\n      ]\n    }\n  ]\n}",
            "policy_id": "ANPAW3PYPH4IFBO7HIIZ3",
            "tags": {}
          },
          "private": "bnVsbA==",
          "depends_on": [
            "data.aws_iam_policy_document.terraform_s3_list_read_write_policy_document"
          ]
        }
      ]
    },
    {
      "mode": "managed",
      "type": "aws_iam_user",
      "name": "user",
      "provider": "provider.aws",
      "instances": [
        {
          "schema_version": 0,
          "attributes": {
            "arn": "arn:aws:iam::471356882704:user/terraform-ci",
            "force_destroy": false,
            "id": "terraform-ci",
            "name": "terraform-ci",
            "path": "/",
            "permissions_boundary": null,
            "tags": {},
            "unique_id": "AIDAW3PYPH4ICI7S74FVQ"
          },
          "private": "bnVsbA=="
        }
      ]
    },
    {
      "mode": "managed",
      "type": "aws_iam_user_policy_attachment",
      "name": "iam_user_self_management_policy",
      "provider": "provider.aws",
      "instances": [
        {
          "schema_version": 0,
          "attributes": {
            "id": "terraform-ci-20221106155601027700000003",
            "policy_arn": "arn:aws:iam::471356882704:policy/IAMUserSelfManagement",
            "user": "terraform-ci"
          },
          "private": "bnVsbA==",
          "depends_on": [
            "aws_iam_policy.iam_user_self_management_policy",
            "aws_iam_user.user"
          ]
        }
      ]
    },
    {
      "mode": "managed",
      "type": "aws_iam_user_policy_attachment",
      "name": "terraform_dynamodb_read_write_policy",
      "provider": "provider.aws",
      "instances": [
        {
          "schema_version": 0,
          "attributes": {
            "id": "terraform-ci-20221106155601024500000001",
            "policy_arn": "arn:aws:iam::471356882704:policy/DynamoDBTerraformStateLocksReadWriteAccess",
            "user": "terraform-ci"
          },
          "private": "bnVsbA==",
          "depends_on": [
            "aws_iam_policy.terraform_dynamodb_read_write_policy",
            "aws_iam_user.user"
          ]
        }
      ]
    },
    {
      "mode": "managed",
      "type": "aws_iam_user_policy_attachment",
      "name": "terraform_s3_list_read_write_policy",
      "provider": "provider.aws",
      "instances": [
        {
          "schema_version": 0,
          "attributes": {
            "id": "terraform-ci-20221106155601024600000002",
            "policy_arn": "arn:aws:iam::471356882704:policy/S3TerraformStateListReadWriteAccess",
            "user": "terraform-ci"
          },
          "private": "bnVsbA==",
          "depends_on": [
            "aws_iam_policy.terraform_s3_list_read_write_policy",
            "aws_iam_user.user"
          ]
        }
      ]
    },
    {
      "mode": "managed",
      "type": "aws_s3_bucket",
      "name": "terraform_state",
      "provider": "provider.aws",
      "instances": [
        {
          "schema_version": 0,
          "attributes": {
            "acceleration_status": "",
            "acl": "private",
            "arn": "arn:aws:s3:::github-terraform-example-terraform-state",
            "bucket": "github-terraform-example-terraform-state",
            "bucket_domain_name": "github-terraform-example-terraform-state.s3.amazonaws.com",
            "bucket_prefix": null,
            "bucket_regional_domain_name": "github-terraform-example-terraform-state.s3.ap-southeast-1.amazonaws.com",
            "cors_rule": [],
            "force_destroy": false,
            "grant": [],
            "hosted_zone_id": "Z3O0J2DXBE1FTB",
            "id": "github-terraform-example-terraform-state",
            "lifecycle_rule": [],
            "logging": [],
            "object_lock_configuration": [],
            "policy": null,
            "region": "ap-southeast-1",
            "replication_configuration": [],
            "request_payer": "BucketOwner",
            "server_side_encryption_configuration": [
              {
                "rule": [
                  {
                    "apply_server_side_encryption_by_default": [
                      {
                        "kms_master_key_id": "",
                        "sse_algorithm": "AES256"
                      }
                    ],
                    "bucket_key_enabled": false
                  }
                ]
              }
            ],
            "tags": {},
            "versioning": [
              {
                "enabled": true,
                "mfa_delete": false
              }
            ],
            "website": [],
            "website_domain": null,
            "website_endpoint": null
          },
          "private": "bnVsbA=="
        }
      ]
    }
  ]
}
